
Microsoft Visual Studio Solution File, Format Version 12.00
# Visual Studio Version 17
VisualStudioVersion = 17.8.34511.84
MinimumVisualStudioVersion = 10.0.40219.1
Project("{FAE04EC0-301F-11D3-BF4B-00C04F79EFBC}") = "Calculadora", "Calculadora\Calculadora.csproj", "{470DC60E-9891-44C9-944E-9FEF3B8FD0A6}"
EndProject
Project("{FAE04EC0-301F-11D3-BF4B-00C04F79EFBC}") = "AntSuc", "AntSuc\AntSuc.csproj", "{03435B57-48E0-4B35-8701-1905A5935F51}"
EndProject
Project("{FAE04EC0-301F-11D3-BF4B-00C04F79EFBC}") = "Loteria", "Loteria\Loteria.csproj", "{1834138E-972F-4B22-B4D7-96E6AA77DBE9}"
EndProject
Project("{FAE04EC0-301F-11D3-BF4B-00C04F79EFBC}") = "Senha", "Senha\Senha.csproj", "{50CC8302-40BB-4D80-9975-DDE1A0A99459}"
EndProject
Project("{FAE04EC0-301F-11D3-BF4B-00C04F79EFBC}") = "Senha atividade", "Senha atividade\Senha atividade.csproj", "{36C521E3-97A0-4EFC-92A5-E391D6F5A145}"
EndProject
Project("{FAE04EC0-301F-11D3-BF4B-00C04F79EFBC}") = "Pesca", "Pesca\Pesca.csproj", "{317E3FBC-3FCC-4CFB-8415-1C42C4B23633}"
EndProject
Project("{FAE04EC0-301F-11D3-BF4B-00C04F79EFBC}") = "Escola", "Escola\Escola.csproj", "{C3896ADF-6CC6-455D-A787-05E78DFB7D57}"
EndProject
Project("{FAE04EC0-301F-11D3-BF4B-00C04F79EFBC}") = "Eleição", "Eleição\Eleição.csproj", "{2BB4AEAC-7B52-4712-9034-D658807D8166}"
EndProject
Project("{FAE04EC0-301F-11D3-BF4B-00C04F79EFBC}") = "SOMADOR", "SOMADOR\SOMADOR.csproj", "{B5B0CD73-3C98-4155-832E-EFC5926A7ABE}"
EndProject
Project("{FAE04EC0-301F-11D3-BF4B-00C04F79EFBC}") = "Cubo app", "Cubo app\Cubo app.csproj", "{9C2AC43E-EBDE-49D0-BE2B-5576E11B3F33}"
EndProject
Project("{FAE04EC0-301F-11D3-BF4B-00C04F79EFBC}") = "conversor kelvin celsius", "conversor kelvin celsius\conversor kelvin celsius.csproj", "{312233D8-8688-4DF2-8F70-564273E254E4}"
EndProject
Project("{FAE04EC0-301F-11D3-BF4B-00C04F79EFBC}") = "maior que 100", "maior que 100\maior que 100.csproj", "{8CA29373-24C4-4115-8005-25144F5A9FA8}"
EndProject
Project("{FAE04EC0-301F-11D3-BF4B-00C04F79EFBC}") = "Pesoideal", "Pesoideal\Pesoideal.csproj", "{65DB4929-A7BE-4EE5-A779-00143EE17FF9}"
EndProject
Project("{FAE04EC0-301F-11D3-BF4B-00C04F79EFBC}") = "verificador par ou impar", "verificador par ou impar\verificador par ou impar.csproj", "{DCCC293C-275B-41BB-A087-5FD459C33D48}"
EndProject
Project("{FAE04EC0-301F-11D3-BF4B-00C04F79EFBC}") = "comparador", "comparador\comparador.csproj", "{6B233145-FC7F-4E21-94CD-4887DB311D5F}"
EndProject
Project("{FAE04EC0-301F-11D3-BF4B-00C04F79EFBC}") = "App namoro", "App namoro\App namoro.csproj", "{1912B90E-C941-4322-8F21-01BA388B6CD8}"
EndProject
Project("{FAE04EC0-301F-11D3-BF4B-00C04F79EFBC}") = "Posto", "Posto\Posto.csproj", "{455F2FC1-374B-4E0E-A7A3-88FFD2274E27}"
EndProject
Project("{FAE04EC0-301F-11D3-BF4B-00C04F79EFBC}") = "Tabuada", "Tabuada\Tabuada.csproj", "{A4212D7B-B6D4-49BB-B6A4-6ECA05DA4503}"
EndProject
Project("{FAE04EC0-301F-11D3-BF4B-00C04F79EFBC}") = "SOMA 5 NUMEROS", "SOMA 5 NUMEROS\SOMA 5 NUMEROS.csproj", "{F6CCF49B-8582-47ED-B365-849163F36D64}"
EndProject
Project("{FAE04EC0-301F-11D3-BF4B-00C04F79EFBC}") = "Maior", "Maior\Maior.csproj", "{59AE0B6F-20AA-41C5-8748-BAB3BB5E6922}"
EndProject
Project("{FAE04EC0-301F-11D3-BF4B-00C04F79EFBC}") = "par 10 a 100", "par 10 a 100\par 10 a 100.csproj", "{CC762E00-0E25-4842-A997-4E92E3C3A8BB}"
EndProject
Project("{FAE04EC0-301F-11D3-BF4B-00C04F79EFBC}") = "prefeitura", "prefeitura\prefeitura.csproj", "{07932822-26BD-407A-AC4E-0FB8D341F3CC}"
EndProject
Project("{FAE04EC0-301F-11D3-BF4B-00C04F79EFBC}") = "Inteiros", "Inteiros\Inteiros.csproj", "{D5DD051F-1176-4CE1-A875-34314F0509A5}"
EndProject
Project("{FAE04EC0-301F-11D3-BF4B-00C04F79EFBC}") = "jogo", "jogo\jogo.csproj", "{62669CD4-5717-4B96-BA68-8B6E42F6ADE3}"
EndProject
Project("{FAE04EC0-301F-11D3-BF4B-00C04F79EFBC}") = "Array", "Array\Array.csproj", "{3FA0AEFF-662D-432A-81D4-645339B2C8C1}"
EndProject
Project("{FAE04EC0-301F-11D3-BF4B-00C04F79EFBC}") = "ArrayValores", "ArrayValores\ArrayValores.csproj", "{EFBBEF94-0CDE-473A-A70C-786A9C1B278B}"
EndProject
Project("{FAE04EC0-301F-11D3-BF4B-00C04F79EFBC}") = "MaiorMenor", "MaiorMenor\MaiorMenor.csproj", "{F6B32DCE-0006-4D01-83ED-79F26D8E00A1}"
EndProject
Project("{FAE04EC0-301F-11D3-BF4B-00C04F79EFBC}") = "ArrayList", "ArrayList\ArrayList.csproj", "{D86F44B7-F4DC-4807-8F3F-48C6CB4852C7}"
EndProject
Project("{2150E333-8FDC-42A3-9474-1A3956D46DE8}") = "listas", "listas", "{DA8AD5D4-35DE-4890-90FD-472590A7B13F}"
EndProject
Project("{FAE04EC0-301F-11D3-BF4B-00C04F79EFBC}") = "Fila", "Fila\Fila.csproj", "{4D03FEC2-B2B0-4902-AE70-3474FC401800}"
EndProject
Project("{FAE04EC0-301F-11D3-BF4B-00C04F79EFBC}") = "pilha", "pilha\pilha.csproj", "{74769368-58D2-4EC3-8812-7A690816C697}"
EndProject
Project("{FAE04EC0-301F-11D3-BF4B-00C04F79EFBC}") = "Detetive", "Detetive\Detetive.csproj", "{1A5C40D1-6CAB-4AA5-AC4D-AE7BEB603C39}"
EndProject
Project("{FAE04EC0-301F-11D3-BF4B-00C04F79EFBC}") = "DetetiveProfessor", "DetetiveProfessor\DetetiveProfessor.csproj", "{02F8573C-1E2F-4D0C-AA92-68D0F604207C}"
EndProject
Global
	GlobalSection(SolutionConfigurationPlatforms) = preSolution
		Debug|Any CPU = Debug|Any CPU
		Release|Any CPU = Release|Any CPU
	EndGlobalSection
	GlobalSection(ProjectConfigurationPlatforms) = postSolution
		{470DC60E-9891-44C9-944E-9FEF3B8FD0A6}.Debug|Any CPU.ActiveCfg = Debug|Any CPU
		{470DC60E-9891-44C9-944E-9FEF3B8FD0A6}.Debug|Any CPU.Build.0 = Debug|Any CPU
		{470DC60E-9891-44C9-944E-9FEF3B8FD0A6}.Release|Any CPU.ActiveCfg = Release|Any CPU
		{470DC60E-9891-44C9-944E-9FEF3B8FD0A6}.Release|Any CPU.Build.0 = Release|Any CPU
		{03435B57-48E0-4B35-8701-1905A5935F51}.Debug|Any CPU.ActiveCfg = Debug|Any CPU
		{03435B57-48E0-4B35-8701-1905A5935F51}.Debug|Any CPU.Build.0 = Debug|Any CPU
		{03435B57-48E0-4B35-8701-1905A5935F51}.Release|Any CPU.ActiveCfg = Release|Any CPU
		{03435B57-48E0-4B35-8701-1905A5935F51}.Release|Any CPU.Build.0 = Release|Any CPU
		{1834138E-972F-4B22-B4D7-96E6AA77DBE9}.Debug|Any CPU.ActiveCfg = Debug|Any CPU
		{1834138E-972F-4B22-B4D7-96E6AA77DBE9}.Debug|Any CPU.Build.0 = Debug|Any CPU
		{1834138E-972F-4B22-B4D7-96E6AA77DBE9}.Release|Any CPU.ActiveCfg = Release|Any CPU
		{1834138E-972F-4B22-B4D7-96E6AA77DBE9}.Release|Any CPU.Build.0 = Release|Any CPU
		{50CC8302-40BB-4D80-9975-DDE1A0A99459}.Debug|Any CPU.ActiveCfg = Debug|Any CPU
		{50CC8302-40BB-4D80-9975-DDE1A0A99459}.Debug|Any CPU.Build.0 = Debug|Any CPU
		{50CC8302-40BB-4D80-9975-DDE1A0A99459}.Release|Any CPU.ActiveCfg = Release|Any CPU
		{50CC8302-40BB-4D80-9975-DDE1A0A99459}.Release|Any CPU.Build.0 = Release|Any CPU
		{36C521E3-97A0-4EFC-92A5-E391D6F5A145}.Debug|Any CPU.ActiveCfg = Debug|Any CPU
		{36C521E3-97A0-4EFC-92A5-E391D6F5A145}.Debug|Any CPU.Build.0 = Debug|Any CPU
		{36C521E3-97A0-4EFC-92A5-E391D6F5A145}.Release|Any CPU.ActiveCfg = Release|Any CPU
		{36C521E3-97A0-4EFC-92A5-E391D6F5A145}.Release|Any CPU.Build.0 = Release|Any CPU
		{317E3FBC-3FCC-4CFB-8415-1C42C4B23633}.Debug|Any CPU.ActiveCfg = Debug|Any CPU
		{317E3FBC-3FCC-4CFB-8415-1C42C4B23633}.Debug|Any CPU.Build.0 = Debug|Any CPU
		{317E3FBC-3FCC-4CFB-8415-1C42C4B23633}.Release|Any CPU.ActiveCfg = Release|Any CPU
		{317E3FBC-3FCC-4CFB-8415-1C42C4B23633}.Release|Any CPU.Build.0 = Release|Any CPU
		{C3896ADF-6CC6-455D-A787-05E78DFB7D57}.Debug|Any CPU.ActiveCfg = Debug|Any CPU
		{C3896ADF-6CC6-455D-A787-05E78DFB7D57}.Debug|Any CPU.Build.0 = Debug|Any CPU
		{C3896ADF-6CC6-455D-A787-05E78DFB7D57}.Release|Any CPU.ActiveCfg = Release|Any CPU
		{C3896ADF-6CC6-455D-A787-05E78DFB7D57}.Release|Any CPU.Build.0 = Release|Any CPU
		{2BB4AEAC-7B52-4712-9034-D658807D8166}.Debug|Any CPU.ActiveCfg = Debug|Any CPU
		{2BB4AEAC-7B52-4712-9034-D658807D8166}.Debug|Any CPU.Build.0 = Debug|Any CPU
		{2BB4AEAC-7B52-4712-9034-D658807D8166}.Release|Any CPU.ActiveCfg = Release|Any CPU
		{2BB4AEAC-7B52-4712-9034-D658807D8166}.Release|Any CPU.Build.0 = Release|Any CPU
		{B5B0CD73-3C98-4155-832E-EFC5926A7ABE}.Debug|Any CPU.ActiveCfg = Debug|Any CPU
		{B5B0CD73-3C98-4155-832E-EFC5926A7ABE}.Debug|Any CPU.Build.0 = Debug|Any CPU
		{B5B0CD73-3C98-4155-832E-EFC5926A7ABE}.Release|Any CPU.ActiveCfg = Release|Any CPU
		{B5B0CD73-3C98-4155-832E-EFC5926A7ABE}.Release|Any CPU.Build.0 = Release|Any CPU
		{9C2AC43E-EBDE-49D0-BE2B-5576E11B3F33}.Debug|Any CPU.ActiveCfg = Debug|Any CPU
		{9C2AC43E-EBDE-49D0-BE2B-5576E11B3F33}.Debug|Any CPU.Build.0 = Debug|Any CPU
		{9C2AC43E-EBDE-49D0-BE2B-5576E11B3F33}.Release|Any CPU.ActiveCfg = Release|Any CPU
		{9C2AC43E-EBDE-49D0-BE2B-5576E11B3F33}.Release|Any CPU.Build.0 = Release|Any CPU
		{312233D8-8688-4DF2-8F70-564273E254E4}.Debug|Any CPU.ActiveCfg = Debug|Any CPU
		{312233D8-8688-4DF2-8F70-564273E254E4}.Debug|Any CPU.Build.0 = Debug|Any CPU
		{312233D8-8688-4DF2-8F70-564273E254E4}.Release|Any CPU.ActiveCfg = Release|Any CPU
		{312233D8-8688-4DF2-8F70-564273E254E4}.Release|Any CPU.Build.0 = Release|Any CPU
		{8CA29373-24C4-4115-8005-25144F5A9FA8}.Debug|Any CPU.ActiveCfg = Debug|Any CPU
		{8CA29373-24C4-4115-8005-25144F5A9FA8}.Debug|Any CPU.Build.0 = Debug|Any CPU
		{8CA29373-24C4-4115-8005-25144F5A9FA8}.Release|Any CPU.ActiveCfg = Release|Any CPU
		{8CA29373-24C4-4115-8005-25144F5A9FA8}.Release|Any CPU.Build.0 = Release|Any CPU
		{65DB4929-A7BE-4EE5-A779-00143EE17FF9}.Debug|Any CPU.ActiveCfg = Debug|Any CPU
		{65DB4929-A7BE-4EE5-A779-00143EE17FF9}.Debug|Any CPU.Build.0 = Debug|Any CPU
		{65DB4929-A7BE-4EE5-A779-00143EE17FF9}.Release|Any CPU.ActiveCfg = Release|Any CPU
		{65DB4929-A7BE-4EE5-A779-00143EE17FF9}.Release|Any CPU.Build.0 = Release|Any CPU
		{DCCC293C-275B-41BB-A087-5FD459C33D48}.Debug|Any CPU.ActiveCfg = Debug|Any CPU
		{DCCC293C-275B-41BB-A087-5FD459C33D48}.Debug|Any CPU.Build.0 = Debug|Any CPU
		{DCCC293C-275B-41BB-A087-5FD459C33D48}.Release|Any CPU.ActiveCfg = Release|Any CPU
		{DCCC293C-275B-41BB-A087-5FD459C33D48}.Release|Any CPU.Build.0 = Release|Any CPU
		{6B233145-FC7F-4E21-94CD-4887DB311D5F}.Debug|Any CPU.ActiveCfg = Debug|Any CPU
		{6B233145-FC7F-4E21-94CD-4887DB311D5F}.Debug|Any CPU.Build.0 = Debug|Any CPU
		{6B233145-FC7F-4E21-94CD-4887DB311D5F}.Release|Any CPU.ActiveCfg = Release|Any CPU
		{6B233145-FC7F-4E21-94CD-4887DB311D5F}.Release|Any CPU.Build.0 = Release|Any CPU
		{1912B90E-C941-4322-8F21-01BA388B6CD8}.Debug|Any CPU.ActiveCfg = Debug|Any CPU
		{1912B90E-C941-4322-8F21-01BA388B6CD8}.Debug|Any CPU.Build.0 = Debug|Any CPU
		{1912B90E-C941-4322-8F21-01BA388B6CD8}.Release|Any CPU.ActiveCfg = Release|Any CPU
		{1912B90E-C941-4322-8F21-01BA388B6CD8}.Release|Any CPU.Build.0 = Release|Any CPU
		{455F2FC1-374B-4E0E-A7A3-88FFD2274E27}.Debug|Any CPU.ActiveCfg = Debug|Any CPU
		{455F2FC1-374B-4E0E-A7A3-88FFD2274E27}.Debug|Any CPU.Build.0 = Debug|Any CPU
		{455F2FC1-374B-4E0E-A7A3-88FFD2274E27}.Release|Any CPU.ActiveCfg = Release|Any CPU
		{455F2FC1-374B-4E0E-A7A3-88FFD2274E27}.Release|Any CPU.Build.0 = Release|Any CPU
		{A4212D7B-B6D4-49BB-B6A4-6ECA05DA4503}.Debug|Any CPU.ActiveCfg = Debug|Any CPU
		{A4212D7B-B6D4-49BB-B6A4-6ECA05DA4503}.Debug|Any CPU.Build.0 = Debug|Any CPU
		{A4212D7B-B6D4-49BB-B6A4-6ECA05DA4503}.Release|Any CPU.ActiveCfg = Release|Any CPU
		{A4212D7B-B6D4-49BB-B6A4-6ECA05DA4503}.Release|Any CPU.Build.0 = Release|Any CPU
		{F6CCF49B-8582-47ED-B365-849163F36D64}.Debug|Any CPU.ActiveCfg = Debug|Any CPU
		{F6CCF49B-8582-47ED-B365-849163F36D64}.Debug|Any CPU.Build.0 = Debug|Any CPU
		{F6CCF49B-8582-47ED-B365-849163F36D64}.Release|Any CPU.ActiveCfg = Release|Any CPU
		{F6CCF49B-8582-47ED-B365-849163F36D64}.Release|Any CPU.Build.0 = Release|Any CPU
		{59AE0B6F-20AA-41C5-8748-BAB3BB5E6922}.Debug|Any CPU.ActiveCfg = Debug|Any CPU
		{59AE0B6F-20AA-41C5-8748-BAB3BB5E6922}.Debug|Any CPU.Build.0 = Debug|Any CPU
		{59AE0B6F-20AA-41C5-8748-BAB3BB5E6922}.Release|Any CPU.ActiveCfg = Release|Any CPU
		{59AE0B6F-20AA-41C5-8748-BAB3BB5E6922}.Release|Any CPU.Build.0 = Release|Any CPU
		{CC762E00-0E25-4842-A997-4E92E3C3A8BB}.Debug|Any CPU.ActiveCfg = Debug|Any CPU
		{CC762E00-0E25-4842-A997-4E92E3C3A8BB}.Debug|Any CPU.Build.0 = Debug|Any CPU
		{CC762E00-0E25-4842-A997-4E92E3C3A8BB}.Release|Any CPU.ActiveCfg = Release|Any CPU
		{CC762E00-0E25-4842-A997-4E92E3C3A8BB}.Release|Any CPU.Build.0 = Release|Any CPU
		{07932822-26BD-407A-AC4E-0FB8D341F3CC}.Debug|Any CPU.ActiveCfg = Debug|Any CPU
		{07932822-26BD-407A-AC4E-0FB8D341F3CC}.Debug|Any CPU.Build.0 = Debug|Any CPU
		{07932822-26BD-407A-AC4E-0FB8D341F3CC}.Release|Any CPU.ActiveCfg = Release|Any CPU
		{07932822-26BD-407A-AC4E-0FB8D341F3CC}.Release|Any CPU.Build.0 = Release|Any CPU
		{D5DD051F-1176-4CE1-A875-34314F0509A5}.Debug|Any CPU.ActiveCfg = Debug|Any CPU
		{D5DD051F-1176-4CE1-A875-34314F0509A5}.Debug|Any CPU.Build.0 = Debug|Any CPU
		{D5DD051F-1176-4CE1-A875-34314F0509A5}.Release|Any CPU.ActiveCfg = Release|Any CPU
		{D5DD051F-1176-4CE1-A875-34314F0509A5}.Release|Any CPU.Build.0 = Release|Any CPU
		{62669CD4-5717-4B96-BA68-8B6E42F6ADE3}.Debug|Any CPU.ActiveCfg = Debug|Any CPU
		{62669CD4-5717-4B96-BA68-8B6E42F6ADE3}.Debug|Any CPU.Build.0 = Debug|Any CPU
		{62669CD4-5717-4B96-BA68-8B6E42F6ADE3}.Release|Any CPU.ActiveCfg = Release|Any CPU
		{62669CD4-5717-4B96-BA68-8B6E42F6ADE3}.Release|Any CPU.Build.0 = Release|Any CPU
		{3FA0AEFF-662D-432A-81D4-645339B2C8C1}.Debug|Any CPU.ActiveCfg = Debug|Any CPU
		{3FA0AEFF-662D-432A-81D4-645339B2C8C1}.Debug|Any CPU.Build.0 = Debug|Any CPU
		{3FA0AEFF-662D-432A-81D4-645339B2C8C1}.Release|Any CPU.ActiveCfg = Release|Any CPU
		{3FA0AEFF-662D-432A-81D4-645339B2C8C1}.Release|Any CPU.Build.0 = Release|Any CPU
		{EFBBEF94-0CDE-473A-A70C-786A9C1B278B}.Debug|Any CPU.ActiveCfg = Debug|Any CPU
		{EFBBEF94-0CDE-473A-A70C-786A9C1B278B}.Debug|Any CPU.Build.0 = Debug|Any CPU
		{EFBBEF94-0CDE-473A-A70C-786A9C1B278B}.Release|Any CPU.ActiveCfg = Release|Any CPU
		{EFBBEF94-0CDE-473A-A70C-786A9C1B278B}.Release|Any CPU.Build.0 = Release|Any CPU
		{F6B32DCE-0006-4D01-83ED-79F26D8E00A1}.Debug|Any CPU.ActiveCfg = Debug|Any CPU
		{F6B32DCE-0006-4D01-83ED-79F26D8E00A1}.Debug|Any CPU.Build.0 = Debug|Any CPU
		{F6B32DCE-0006-4D01-83ED-79F26D8E00A1}.Release|Any CPU.ActiveCfg = Release|Any CPU
		{F6B32DCE-0006-4D01-83ED-79F26D8E00A1}.Release|Any CPU.Build.0 = Release|Any CPU
		{D86F44B7-F4DC-4807-8F3F-48C6CB4852C7}.Debug|Any CPU.ActiveCfg = Debug|Any CPU
		{D86F44B7-F4DC-4807-8F3F-48C6CB4852C7}.Debug|Any CPU.Build.0 = Debug|Any CPU
		{D86F44B7-F4DC-4807-8F3F-48C6CB4852C7}.Release|Any CPU.ActiveCfg = Release|Any CPU
		{D86F44B7-F4DC-4807-8F3F-48C6CB4852C7}.Release|Any CPU.Build.0 = Release|Any CPU
		{4D03FEC2-B2B0-4902-AE70-3474FC401800}.Debug|Any CPU.ActiveCfg = Debug|Any CPU
		{4D03FEC2-B2B0-4902-AE70-3474FC401800}.Debug|Any CPU.Build.0 = Debug|Any CPU
		{4D03FEC2-B2B0-4902-AE70-3474FC401800}.Release|Any CPU.ActiveCfg = Release|Any CPU
		{4D03FEC2-B2B0-4902-AE70-3474FC401800}.Release|Any CPU.Build.0 = Release|Any CPU
		{74769368-58D2-4EC3-8812-7A690816C697}.Debug|Any CPU.ActiveCfg = Debug|Any CPU
		{74769368-58D2-4EC3-8812-7A690816C697}.Debug|Any CPU.Build.0 = Debug|Any CPU
		{74769368-58D2-4EC3-8812-7A690816C697}.Release|Any CPU.ActiveCfg = Release|Any CPU
		{74769368-58D2-4EC3-8812-7A690816C697}.Release|Any CPU.Build.0 = Release|Any CPU
		{1A5C40D1-6CAB-4AA5-AC4D-AE7BEB603C39}.Debug|Any CPU.ActiveCfg = Debug|Any CPU
		{1A5C40D1-6CAB-4AA5-AC4D-AE7BEB603C39}.Debug|Any CPU.Build.0 = Debug|Any CPU
		{1A5C40D1-6CAB-4AA5-AC4D-AE7BEB603C39}.Release|Any CPU.ActiveCfg = Release|Any CPU
		{1A5C40D1-6CAB-4AA5-AC4D-AE7BEB603C39}.Release|Any CPU.Build.0 = Release|Any CPU
		{02F8573C-1E2F-4D0C-AA92-68D0F604207C}.Debug|Any CPU.ActiveCfg = Debug|Any CPU
		{02F8573C-1E2F-4D0C-AA92-68D0F604207C}.Debug|Any CPU.Build.0 = Debug|Any CPU
		{02F8573C-1E2F-4D0C-AA92-68D0F604207C}.Release|Any CPU.ActiveCfg = Release|Any CPU
		{02F8573C-1E2F-4D0C-AA92-68D0F604207C}.Release|Any CPU.Build.0 = Release|Any CPU
	EndGlobalSection
	GlobalSection(SolutionProperties) = preSolution
		HideSolutionNode = FALSE
	EndGlobalSection
	GlobalSection(NestedProjects) = preSolution
		{EFBBEF94-0CDE-473A-A70C-786A9C1B278B} = {DA8AD5D4-35DE-4890-90FD-472590A7B13F}
		{F6B32DCE-0006-4D01-83ED-79F26D8E00A1} = {DA8AD5D4-35DE-4890-90FD-472590A7B13F}
		{D86F44B7-F4DC-4807-8F3F-48C6CB4852C7} = {DA8AD5D4-35DE-4890-90FD-472590A7B13F}
		{4D03FEC2-B2B0-4902-AE70-3474FC401800} = {DA8AD5D4-35DE-4890-90FD-472590A7B13F}
		{74769368-58D2-4EC3-8812-7A690816C697} = {DA8AD5D4-35DE-4890-90FD-472590A7B13F}
		{1A5C40D1-6CAB-4AA5-AC4D-AE7BEB603C39} = {DA8AD5D4-35DE-4890-90FD-472590A7B13F}
	EndGlobalSection
	GlobalSection(ExtensibilityGlobals) = postSolution
		SolutionGuid = {EC5E1E59-B91A-4078-89AD-727CC760E454}
	EndGlobalSection
EndGlobal
